
Microsoft Visual Studio Solution File, Format Version 12.00
# Visual Studio Version 17
VisualStudioVersion = 17.1.32319.34
MinimumVisualStudioVersion = 10.0.40219.1
Project("{888888A0-9F3D-457C-B088-3A5042F75D52}") = "Classes and inheritance", "Classes and inheritance\Classes and inheritance.pyproj", "{A3717D10-1ED7-44C4-BCF8-C711F404ED25}"
EndProject
Global
	GlobalSection(SolutionConfigurationPlatforms) = preSolution
		Debug|Any CPU = Debug|Any CPU
		Release|Any CPU = Release|Any CPU
	EndGlobalSection
	GlobalSection(ProjectConfigurationPlatforms) = postSolution
		{A3717D10-1ED7-44C4-BCF8-C711F404ED25}.Debug|Any CPU.ActiveCfg = Debug|Any CPU
		{A3717D10-1ED7-44C4-BCF8-C711F404ED25}.Release|Any CPU.ActiveCfg = Release|Any CPU
	EndGlobalSection
	GlobalSection(SolutionProperties) = preSolution
		HideSolutionNode = FALSE
	EndGlobalSection
	GlobalSection(ExtensibilityGlobals) = postSolution
		SolutionGuid = {52CDEECC-15A5-499E-8DA1-CF0513C4B376}
	EndGlobalSection
EndGlobal
